{
  "name": "static",
  "version": "1.0.0",
  "lockfileVersion": 2,
  "requires": true,
  "packages": {
    "": {
      "version": "1.0.0",
      "license": "ISC",
      "dependencies": {
        "croppie": "^2.6.5",
        "moment": "^2.24.0",
        "tinymce": "^5.8.1"
      }
    },
    "node_modules/croppie": {
      "version": "2.6.5",
      "resolved": "https://registry.npmjs.org/croppie/-/croppie-2.6.5.tgz",
      "integrity": "sha512-IlChnVUGG5T3w2gRZIaQgBtlvyuYnlUWs2YZIXXR3H9KrlO1PtBT3j+ykxvy9eZIWhk+V5SpBmhCQz5UXKrEKQ=="
    },
    "node_modules/moment": {
      "version": "2.29.1",
      "resolved": "https://registry.npmjs.org/moment/-/moment-2.29.1.tgz",
      "integrity": "sha512-kHmoybcPV8Sqy59DwNDY3Jefr64lK/by/da0ViFcuA4DH0vQg5Q6Ze5VimxkfQNSC+Mls/Kx53s7TjP1RhFEDQ==",
      "engines": {
        "node": "*"
      }
    },
    "node_modules/tinymce": {
      "version": "5.8.1",
      "resolved": "https://registry.npmjs.org/tinymce/-/tinymce-5.8.1.tgz",
      "integrity": "sha512-1zGXdZplWQafstlC7sri0ttCgMagsiXDc9N3I8JNrPOsWAeTfq4AAJWZoxsQBYn8gYcuPu/WzMKG5SoJjxI1VA=="
    }
  },
  "dependencies": {
    "croppie": {
      "version": "2.6.5",
      "resolved": "https://registry.npmjs.org/croppie/-/croppie-2.6.5.tgz",
      "integrity": "sha512-IlChnVUGG5T3w2gRZIaQgBtlvyuYnlUWs2YZIXXR3H9KrlO1PtBT3j+ykxvy9eZIWhk+V5SpBmhCQz5UXKrEKQ=="
    },
    "moment": {
      "version": "2.29.1",
      "resolved": "https://registry.npmjs.org/moment/-/moment-2.29.1.tgz",
      "integrity": "sha512-kHmoybcPV8Sqy59DwNDY3Jefr64lK/by/da0ViFcuA4DH0vQg5Q6Ze5VimxkfQNSC+Mls/Kx53s7TjP1RhFEDQ=="
    },
    "tinymce": {
      "version": "5.8.1",
      "resolved": "https://registry.npmjs.org/tinymce/-/tinymce-5.8.1.tgz",
      "integrity": "sha512-1zGXdZplWQafstlC7sri0ttCgMagsiXDc9N3I8JNrPOsWAeTfq4AAJWZoxsQBYn8gYcuPu/WzMKG5SoJjxI1VA=="
    }
  }
}
