{
  "name": "static",
  "version": "1.0.0",
  "lockfileVersion": 2,
  "requires": true,
  "packages": {
    "": {
      "version": "1.0.0",
      "license": "ISC",
      "dependencies": {
        "@tarekraafat/autocomplete.js": "^10.1.5",
        "croppie": "^2.6.5",
        "devtools-detect": "^3.0.1",
        "moment": "^2.24.0",
        "tinymce": "^5.8.1"
      }
    },
    "node_modules/@tarekraafat/autocomplete.js": {
      "version": "10.1.5",
      "resolved": "https://registry.npmjs.org/@tarekraafat/autocomplete.js/-/autocomplete.js-10.1.5.tgz",
      "integrity": "sha512-GXkEQfDnMqQR0L5o10ZduDkvQGdCyPIfajvrRul95WtvXE0pU4zsyfRwRNAyfsW6+Mzc5hC4eHYw6drfJ6FUzw==",
      "funding": [
        {
          "type": "opencollective",
          "url": "https://opencollective.com/autocompletejs"
        },
        {
          "type": "liberapay",
          "url": "https://liberapay.com/TarekRaafat"
        },
        {
          "type": "patreon",
          "url": "https://patreon.com/TarekRaafat"
        }
      ],
      "engines": {
        "node": ">=12",
        "npm": ">=6"
      }
    },
    "node_modules/croppie": {
      "version": "2.6.5",
      "resolved": "https://registry.npmjs.org/croppie/-/croppie-2.6.5.tgz",
      "integrity": "sha512-IlChnVUGG5T3w2gRZIaQgBtlvyuYnlUWs2YZIXXR3H9KrlO1PtBT3j+ykxvy9eZIWhk+V5SpBmhCQz5UXKrEKQ=="
    },
    "node_modules/devtools-detect": {
      "version": "3.0.1",
      "resolved": "https://registry.npmjs.org/devtools-detect/-/devtools-detect-3.0.1.tgz",
      "integrity": "sha512-nmp9QLSDKqHYtUPIMRtg1uX5euxTbTHf+ATCsPqZqCfROSwu3Sm0yfJD4Zc/LqgCjA6mgj3zpnBUUZMvSJcROg==",
      "engines": {
        "node": ">=8"
      }
    },
    "node_modules/moment": {
      "version": "2.29.1",
      "resolved": "https://registry.npmjs.org/moment/-/moment-2.29.1.tgz",
      "integrity": "sha512-kHmoybcPV8Sqy59DwNDY3Jefr64lK/by/da0ViFcuA4DH0vQg5Q6Ze5VimxkfQNSC+Mls/Kx53s7TjP1RhFEDQ==",
      "engines": {
        "node": "*"
      }
    },
    "node_modules/tinymce": {
      "version": "5.8.1",
      "resolved": "https://registry.npmjs.org/tinymce/-/tinymce-5.8.1.tgz",
      "integrity": "sha512-1zGXdZplWQafstlC7sri0ttCgMagsiXDc9N3I8JNrPOsWAeTfq4AAJWZoxsQBYn8gYcuPu/WzMKG5SoJjxI1VA=="
    }
  },
  "dependencies": {
    "@tarekraafat/autocomplete.js": {
      "version": "10.1.5",
      "resolved": "https://registry.npmjs.org/@tarekraafat/autocomplete.js/-/autocomplete.js-10.1.5.tgz",
      "integrity": "sha512-GXkEQfDnMqQR0L5o10ZduDkvQGdCyPIfajvrRul95WtvXE0pU4zsyfRwRNAyfsW6+Mzc5hC4eHYw6drfJ6FUzw=="
    },
    "croppie": {
      "version": "2.6.5",
      "resolved": "https://registry.npmjs.org/croppie/-/croppie-2.6.5.tgz",
      "integrity": "sha512-IlChnVUGG5T3w2gRZIaQgBtlvyuYnlUWs2YZIXXR3H9KrlO1PtBT3j+ykxvy9eZIWhk+V5SpBmhCQz5UXKrEKQ=="
    },
    "devtools-detect": {
      "version": "3.0.1",
      "resolved": "https://registry.npmjs.org/devtools-detect/-/devtools-detect-3.0.1.tgz",
      "integrity": "sha512-nmp9QLSDKqHYtUPIMRtg1uX5euxTbTHf+ATCsPqZqCfROSwu3Sm0yfJD4Zc/LqgCjA6mgj3zpnBUUZMvSJcROg=="
    },
    "moment": {
      "version": "2.29.1",
      "resolved": "https://registry.npmjs.org/moment/-/moment-2.29.1.tgz",
      "integrity": "sha512-kHmoybcPV8Sqy59DwNDY3Jefr64lK/by/da0ViFcuA4DH0vQg5Q6Ze5VimxkfQNSC+Mls/Kx53s7TjP1RhFEDQ=="
    },
    "tinymce": {
      "version": "5.8.1",
      "resolved": "https://registry.npmjs.org/tinymce/-/tinymce-5.8.1.tgz",
      "integrity": "sha512-1zGXdZplWQafstlC7sri0ttCgMagsiXDc9N3I8JNrPOsWAeTfq4AAJWZoxsQBYn8gYcuPu/WzMKG5SoJjxI1VA=="
    }
  }
}
